
Microsoft Visual Studio Solution File, Format Version 12.00
# Visual Studio Version 16
VisualStudioVersion = 16.0.30114.105
MinimumVisualStudioVersion = 10.0.40219.1
Project("{2150E333-8FDC-42A3-9474-1A3956D46DE8}") = "Loyalty", "Loyalty", "{2B1B5CEA-591A-476B-BC0B-E2D45C48182A}"
EndProject
Project("{9A19103F-16F7-4668-BE54-9A1E7A4F7556}") = "LoyaltyProgram", "Loyalty\LoyaltyProgram\LoyaltyProgram.csproj", "{5C224AFE-F396-4E04-B967-E2833BA90D1D}"
EndProject
Project("{9A19103F-16F7-4668-BE54-9A1E7A4F7556}") = "ApiGatewayMock", "ApiGatewayMock\ApiGatewayMock.csproj", "{2A570ADF-6A59-42D0-A486-FC7FF6665AC1}"
EndProject
Project("{2150E333-8FDC-42A3-9474-1A3956D46DE8}") = "SpecialOffers", "SpecialOffers", "{BF58E441-837B-491B-B41E-E3A6F33DC8A9}"
EndProject
Project("{9A19103F-16F7-4668-BE54-9A1E7A4F7556}") = "SpecialOffers", "SpecialOffers\SpecialOffers\SpecialOffers.csproj", "{7909FF76-E426-4044-9D6D-B11FE40C5878}"
EndProject
Project("{9A19103F-16F7-4668-BE54-9A1E7A4F7556}") = "EventConsumer", "Loyalty\EventConsumer\EventConsumer.csproj", "{5C7A9363-E97E-4268-B824-5F300BE160CF}"
EndProject
Project("{FAE04EC0-301F-11D3-BF4B-00C04F79EFBC}") = "LoyaltyProgramUnitTests", "LoyaltyProgramUnitTests\LoyaltyProgramUnitTests.csproj", "{5CAA1C00-554C-42C7-97A3-6376C9ADC444}"
EndProject
Global
	GlobalSection(SolutionConfigurationPlatforms) = preSolution
		Debug|Any CPU = Debug|Any CPU
		Debug|x64 = Debug|x64
		Debug|x86 = Debug|x86
		Release|Any CPU = Release|Any CPU
		Release|x64 = Release|x64
		Release|x86 = Release|x86
	EndGlobalSection
	GlobalSection(ProjectConfigurationPlatforms) = postSolution
		{5C224AFE-F396-4E04-B967-E2833BA90D1D}.Debug|Any CPU.ActiveCfg = Debug|Any CPU
		{5C224AFE-F396-4E04-B967-E2833BA90D1D}.Debug|Any CPU.Build.0 = Debug|Any CPU
		{5C224AFE-F396-4E04-B967-E2833BA90D1D}.Debug|x64.ActiveCfg = Debug|Any CPU
		{5C224AFE-F396-4E04-B967-E2833BA90D1D}.Debug|x64.Build.0 = Debug|Any CPU
		{5C224AFE-F396-4E04-B967-E2833BA90D1D}.Debug|x86.ActiveCfg = Debug|Any CPU
		{5C224AFE-F396-4E04-B967-E2833BA90D1D}.Debug|x86.Build.0 = Debug|Any CPU
		{5C224AFE-F396-4E04-B967-E2833BA90D1D}.Release|Any CPU.ActiveCfg = Release|Any CPU
		{5C224AFE-F396-4E04-B967-E2833BA90D1D}.Release|Any CPU.Build.0 = Release|Any CPU
		{5C224AFE-F396-4E04-B967-E2833BA90D1D}.Release|x64.ActiveCfg = Release|Any CPU
		{5C224AFE-F396-4E04-B967-E2833BA90D1D}.Release|x64.Build.0 = Release|Any CPU
		{5C224AFE-F396-4E04-B967-E2833BA90D1D}.Release|x86.ActiveCfg = Release|Any CPU
		{5C224AFE-F396-4E04-B967-E2833BA90D1D}.Release|x86.Build.0 = Release|Any CPU
		{2A570ADF-6A59-42D0-A486-FC7FF6665AC1}.Debug|Any CPU.ActiveCfg = Debug|Any CPU
		{2A570ADF-6A59-42D0-A486-FC7FF6665AC1}.Debug|Any CPU.Build.0 = Debug|Any CPU
		{2A570ADF-6A59-42D0-A486-FC7FF6665AC1}.Debug|x64.ActiveCfg = Debug|Any CPU
		{2A570ADF-6A59-42D0-A486-FC7FF6665AC1}.Debug|x64.Build.0 = Debug|Any CPU
		{2A570ADF-6A59-42D0-A486-FC7FF6665AC1}.Debug|x86.ActiveCfg = Debug|Any CPU
		{2A570ADF-6A59-42D0-A486-FC7FF6665AC1}.Debug|x86.Build.0 = Debug|Any CPU
		{2A570ADF-6A59-42D0-A486-FC7FF6665AC1}.Release|Any CPU.ActiveCfg = Release|Any CPU
		{2A570ADF-6A59-42D0-A486-FC7FF6665AC1}.Release|Any CPU.Build.0 = Release|Any CPU
		{2A570ADF-6A59-42D0-A486-FC7FF6665AC1}.Release|x64.ActiveCfg = Release|Any CPU
		{2A570ADF-6A59-42D0-A486-FC7FF6665AC1}.Release|x64.Build.0 = Release|Any CPU
		{2A570ADF-6A59-42D0-A486-FC7FF6665AC1}.Release|x86.ActiveCfg = Release|Any CPU
		{2A570ADF-6A59-42D0-A486-FC7FF6665AC1}.Release|x86.Build.0 = Release|Any CPU
		{7909FF76-E426-4044-9D6D-B11FE40C5878}.Debug|Any CPU.ActiveCfg = Debug|Any CPU
		{7909FF76-E426-4044-9D6D-B11FE40C5878}.Debug|Any CPU.Build.0 = Debug|Any CPU
		{7909FF76-E426-4044-9D6D-B11FE40C5878}.Debug|x64.ActiveCfg = Debug|Any CPU
		{7909FF76-E426-4044-9D6D-B11FE40C5878}.Debug|x64.Build.0 = Debug|Any CPU
		{7909FF76-E426-4044-9D6D-B11FE40C5878}.Debug|x86.ActiveCfg = Debug|Any CPU
		{7909FF76-E426-4044-9D6D-B11FE40C5878}.Debug|x86.Build.0 = Debug|Any CPU
		{7909FF76-E426-4044-9D6D-B11FE40C5878}.Release|Any CPU.ActiveCfg = Release|Any CPU
		{7909FF76-E426-4044-9D6D-B11FE40C5878}.Release|Any CPU.Build.0 = Release|Any CPU
		{7909FF76-E426-4044-9D6D-B11FE40C5878}.Release|x64.ActiveCfg = Release|Any CPU
		{7909FF76-E426-4044-9D6D-B11FE40C5878}.Release|x64.Build.0 = Release|Any CPU
		{7909FF76-E426-4044-9D6D-B11FE40C5878}.Release|x86.ActiveCfg = Release|Any CPU
		{7909FF76-E426-4044-9D6D-B11FE40C5878}.Release|x86.Build.0 = Release|Any CPU
		{5C7A9363-E97E-4268-B824-5F300BE160CF}.Debug|Any CPU.ActiveCfg = Debug|Any CPU
		{5C7A9363-E97E-4268-B824-5F300BE160CF}.Debug|Any CPU.Build.0 = Debug|Any CPU
		{5C7A9363-E97E-4268-B824-5F300BE160CF}.Debug|x64.ActiveCfg = Debug|Any CPU
		{5C7A9363-E97E-4268-B824-5F300BE160CF}.Debug|x64.Build.0 = Debug|Any CPU
		{5C7A9363-E97E-4268-B824-5F300BE160CF}.Debug|x86.ActiveCfg = Debug|Any CPU
		{5C7A9363-E97E-4268-B824-5F300BE160CF}.Debug|x86.Build.0 = Debug|Any CPU
		{5C7A9363-E97E-4268-B824-5F300BE160CF}.Release|Any CPU.ActiveCfg = Release|Any CPU
		{5C7A9363-E97E-4268-B824-5F300BE160CF}.Release|Any CPU.Build.0 = Release|Any CPU
		{5C7A9363-E97E-4268-B824-5F300BE160CF}.Release|x64.ActiveCfg = Release|Any CPU
		{5C7A9363-E97E-4268-B824-5F300BE160CF}.Release|x64.Build.0 = Release|Any CPU
		{5C7A9363-E97E-4268-B824-5F300BE160CF}.Release|x86.ActiveCfg = Release|Any CPU
		{5C7A9363-E97E-4268-B824-5F300BE160CF}.Release|x86.Build.0 = Release|Any CPU
		{5CAA1C00-554C-42C7-97A3-6376C9ADC444}.Debug|Any CPU.ActiveCfg = Debug|Any CPU
		{5CAA1C00-554C-42C7-97A3-6376C9ADC444}.Debug|Any CPU.Build.0 = Debug|Any CPU
		{5CAA1C00-554C-42C7-97A3-6376C9ADC444}.Debug|x64.ActiveCfg = Debug|Any CPU
		{5CAA1C00-554C-42C7-97A3-6376C9ADC444}.Debug|x64.Build.0 = Debug|Any CPU
		{5CAA1C00-554C-42C7-97A3-6376C9ADC444}.Debug|x86.ActiveCfg = Debug|Any CPU
		{5CAA1C00-554C-42C7-97A3-6376C9ADC444}.Debug|x86.Build.0 = Debug|Any CPU
		{5CAA1C00-554C-42C7-97A3-6376C9ADC444}.Release|Any CPU.ActiveCfg = Release|Any CPU
		{5CAA1C00-554C-42C7-97A3-6376C9ADC444}.Release|Any CPU.Build.0 = Release|Any CPU
		{5CAA1C00-554C-42C7-97A3-6376C9ADC444}.Release|x64.ActiveCfg = Release|Any CPU
		{5CAA1C00-554C-42C7-97A3-6376C9ADC444}.Release|x64.Build.0 = Release|Any CPU
		{5CAA1C00-554C-42C7-97A3-6376C9ADC444}.Release|x86.ActiveCfg = Release|Any CPU
		{5CAA1C00-554C-42C7-97A3-6376C9ADC444}.Release|x86.Build.0 = Release|Any CPU
	EndGlobalSection
	GlobalSection(SolutionProperties) = preSolution
		HideSolutionNode = FALSE
	EndGlobalSection
	GlobalSection(NestedProjects) = preSolution
		{5C224AFE-F396-4E04-B967-E2833BA90D1D} = {2B1B5CEA-591A-476B-BC0B-E2D45C48182A}
		{7909FF76-E426-4044-9D6D-B11FE40C5878} = {BF58E441-837B-491B-B41E-E3A6F33DC8A9}
		{5C7A9363-E97E-4268-B824-5F300BE160CF} = {2B1B5CEA-591A-476B-BC0B-E2D45C48182A}
	EndGlobalSection
	GlobalSection(ExtensibilityGlobals) = postSolution
		SolutionGuid = {A02C83BE-84B6-429F-BA43-D06F02A0DE14}
	EndGlobalSection
EndGlobal
